
Microsoft Visual Studio Solution File, Format Version 12.00
# Visual Studio Version 17
VisualStudioVersion = 17.0.31903.59
MinimumVisualStudioVersion = 10.0.40219.1
Project("{FAE04EC0-301F-11D3-BF4B-00C04F79EFBC}") = "API", "API\API.csproj", "{A859554D-0136-4DCE-AE39-38058059D7AD}"
EndProject
Project("{FAE04EC0-301F-11D3-BF4B-00C04F79EFBC}") = "Core", "Core\Core.csproj", "{B9BFB6F4-042C-43C1-A160-825B5640F27D}"
EndProject
Project("{FAE04EC0-301F-11D3-BF4B-00C04F79EFBC}") = "Infrastructure", "Infrastructure\Infrastructure.csproj", "{A8AC647F-970F-4017-987E-E9C438429E21}"
EndProject
Global
	GlobalSection(SolutionConfigurationPlatforms) = preSolution
		Debug|Any CPU = Debug|Any CPU
		Release|Any CPU = Release|Any CPU
	EndGlobalSection
	GlobalSection(SolutionProperties) = preSolution
		HideSolutionNode = FALSE
	EndGlobalSection
	GlobalSection(ProjectConfigurationPlatforms) = postSolution
		{A859554D-0136-4DCE-AE39-38058059D7AD}.Debug|Any CPU.ActiveCfg = Debug|Any CPU
		{A859554D-0136-4DCE-AE39-38058059D7AD}.Debug|Any CPU.Build.0 = Debug|Any CPU
		{A859554D-0136-4DCE-AE39-38058059D7AD}.Release|Any CPU.ActiveCfg = Release|Any CPU
		{A859554D-0136-4DCE-AE39-38058059D7AD}.Release|Any CPU.Build.0 = Release|Any CPU
		{B9BFB6F4-042C-43C1-A160-825B5640F27D}.Debug|Any CPU.ActiveCfg = Debug|Any CPU
		{B9BFB6F4-042C-43C1-A160-825B5640F27D}.Debug|Any CPU.Build.0 = Debug|Any CPU
		{B9BFB6F4-042C-43C1-A160-825B5640F27D}.Release|Any CPU.ActiveCfg = Release|Any CPU
		{B9BFB6F4-042C-43C1-A160-825B5640F27D}.Release|Any CPU.Build.0 = Release|Any CPU
		{A8AC647F-970F-4017-987E-E9C438429E21}.Debug|Any CPU.ActiveCfg = Debug|Any CPU
		{A8AC647F-970F-4017-987E-E9C438429E21}.Debug|Any CPU.Build.0 = Debug|Any CPU
		{A8AC647F-970F-4017-987E-E9C438429E21}.Release|Any CPU.ActiveCfg = Release|Any CPU
		{A8AC647F-970F-4017-987E-E9C438429E21}.Release|Any CPU.Build.0 = Release|Any CPU
	EndGlobalSection
EndGlobal
